github.com/go-logr/logr v1.2.0/go.mod h1:jdQByPbusPIv2/zmleS9BjJVeZ6kBagPoEUsqbVz/1A=
github.com/go-logr/logr v1.2.3 h1:2DntVwHkVopvECVRSlL5PSo9eG+cAkDCuckLubN+rq0=
github.com/go-logr/logr v1.2.3/go.mod h1:jdQByPbusPIv2/zmleS9BjJVeZ6kBagPoEUsqbVz/1A=
github.com/google/certificate-transparency-go v1.1.6 h1:SW5K3sr7ptST/pIvNkSVWMiJqemRmkjJPPT0jzXdOOY=
github.com/google/certificate-transparency-go v1.1.6/go.mod h1:0OJjOsOk+wj6aYQgP7FU0ioQ0AJUmnWPFMqTjQeazPQ=
github.com/klauspost/compress v1.17.8 h1:YcnTYrq7MikUT7k0Yb5eceMmALQPYBW/Xltxn0NAMnU=
github.com/klauspost/compress v1.17.8/go.mod h1:Di0epgTjJY877eYKx5yC51cX2A2Vl2ibi7bDH9ttBbw=
golang.org/x/crypto v0.11.0 h1:6Ewdq3tDic1mg5xRO4milcWCfMVQhI4NkqWWvqejpuA=
golang.org/x/crypto v0.11.0/go.mod h1:xgJhtzW8F9jGdVFWZESrid1U1bjeNy4zgy5cRr/CIio=
golang.org/x/sys v0.10.0 h1:SqMFp9UcQJZa+pmYuAKjd9xq1f0j5rLcDIk0mj4qAsA=
golang.org/x/sys v0.10.0/go.mod h1:oPkhp1MJrh7nUepCBck5+mAzfO9JrbApNNgaTdGDITg=
golang.org/x/term v0.10.0 h1:3R7pNqamzBraeqj/Tj8qt1aQ2HpmlC+Cx/qL/7hn4/c=
golang.org/x/term v0.10.0/go.mod h1:lpqdcUyK/oCiQxvxVrppt5ggO2KCZ5QblwqPnfZ6d5o=
k8s.io/klog/v2 v2.100.1 h1:7WCHKK6K8fNhTqfBhISHQ97KrnJNFZMcQvKp7gP/tmg=
k8s.io/klog/v2 v2.100.1/go.mod h1:y1WjHnz7Dj687irZUWR/WLkLc5N1YHtjLdmgWjndZn0=
mvdan.cc/xurls/v2 v2.5.0 h1:lyBNOm8Wo71UknhUs4QTFUNNMyxy2JEIaKKo0RWOh+8=
mvdan.cc/xurls/v2 v2.5.0/go.mod h1:yQgaGQ1rFtJUzkmKiHYSSfuQxqfYmd//X6PxvholpeE=
paepcke.de/certinfo v0.1.33 h1:arWDrcfkYpiImo8mQdJlgL+sGn9ys0BH5cYoLkRKeDI=
paepcke.de/certinfo v0.1.33/go.mod h1:NP7cCd1Bxf+7iZwcKL2XHqA7e6ADstrSlrRUwM2uUy8=
paepcke.de/logsec v0.1.20 h1:klgslqpcNFco6aP69doV+K43w+pkdle+GmJwhVkGVDo=
paepcke.de/logsec v0.1.20/go.mod h1:R8RE8LuL+ezRqrFUHhIc6D31c54OcbUNb+y8IplwMzE=
paepcke.de/reportstyle v0.1.22 h1:IXkBRl8LJg1d8aOrpAJjy3GR38AsHGsYFHZMxRPvcRA=
paepcke.de/reportstyle v0.1.22/go.mod h1:n8RawMbFocJ+xICuqY6RAsGgEvOrgAeSXA/Myu5ecPE=
paepcke.de/tlsinfo v0.1.32 h1:lTApM0i1jvG2WFSgEiy77uO14MXtkdKjqcJYuWQ98ow=
paepcke.de/tlsinfo v0.1.32/go.mod h1:3PBxFH0OlAbpXCY+plrOnLIqxiwMTyTI/jjOimfNYGw=
