github.com/go-logr/logr v1.4.1 h1:pKouT5E8xu9zeFC39JXRDukb6JFQPXM5p5I91188VAQ=
github.com/go-logr/logr v1.4.1/go.mod h1:9T104GzyrTigFIr8wt5mBrctHMim0Nb2HLGrmQ40KvY=
github.com/google/certificate-transparency-go v1.1.8 h1:LGYKkgZF7satzgTak9R4yzfJXEeYVAjV6/EAEJOf1to=
github.com/google/certificate-transparency-go v1.1.8/go.mod h1:bV/o8r0TBKRf1X//iiiSgWrvII4d7/8OiA+3vG26gI8=
github.com/klauspost/compress v1.17.8 h1:YcnTYrq7MikUT7k0Yb5eceMmALQPYBW/Xltxn0NAMnU=
github.com/klauspost/compress v1.17.8/go.mod h1:Di0epgTjJY877eYKx5yC51cX2A2Vl2ibi7bDH9ttBbw=
golang.org/x/crypto v0.23.0 h1:dIJU/v2J8Mdglj/8rJ6UUOM3Zc9zLZxVZwwxMooUSAI=
golang.org/x/crypto v0.23.0/go.mod h1:CKFgDieR+mRhux2Lsu27y0fO304Db0wZe70UKqHu0v8=
golang.org/x/sys v0.20.0 h1:Od9JTbYCk261bKm4M/mw7AklTlFYIa0bIp9BgSm1S8Y=
golang.org/x/sys v0.20.0/go.mod h1:/VUhepiaJMQUp4+oa/7Zr1D23ma6VTLIYjOOTFZPUcA=
golang.org/x/term v0.20.0 h1:VnkxpohqXaOBYJtBmEppKUG6mXpi+4O6purfc2+sMhw=
golang.org/x/term v0.20.0/go.mod h1:8UkIAJTvZgivsXaD6/pH6U9ecQzZ45awqEOzuCvwpFY=
k8s.io/klog/v2 v2.120.1 h1:QXU6cPEOIslTGvZaXvFWiP9VKyeet3sawzTOvdXb4Vw=
k8s.io/klog/v2 v2.120.1/go.mod h1:3Jpz1GvMt720eyJH1ckRHK1EDfpxISzJ7I9OYgaDtPE=
mvdan.cc/xurls/v2 v2.5.0 h1:lyBNOm8Wo71UknhUs4QTFUNNMyxy2JEIaKKo0RWOh+8=
mvdan.cc/xurls/v2 v2.5.0/go.mod h1:yQgaGQ1rFtJUzkmKiHYSSfuQxqfYmd//X6PxvholpeE=
paepcke.de/certinfo v0.1.35 h1:cqkzOVIeIRz7lxyBKhYas6rhGVrY212HGWwzNqv1t3k=
paepcke.de/certinfo v0.1.35/go.mod h1:zNjMdRPWse6mM66ULXkLPPWFfSv+t++E9jW6bSTJX04=
paepcke.de/logsec v0.1.22 h1:tLNYnOXj/v8EkRYK0LWV3BVii4w6rLIabJWk351Mx8I=
paepcke.de/logsec v0.1.22/go.mod h1:py4XqyNzLPXgxM/TuDnsyJbT3aN4XNd+LmYYOP62PN4=
paepcke.de/reportstyle v0.1.24 h1:AfZ71Zp3QpfFoLDyA0jcvNM3uHGwi9qxabLhlmDOgMg=
paepcke.de/reportstyle v0.1.24/go.mod h1:q+a+NhIzxC9nd9EhiTE3gipt8DNybQI8lnyDWRJ0tjg=
paepcke.de/tlsinfo v0.1.34 h1:ycXzF7w8rMEwPOpQq6IbP6/hUiOwALqMIZaVHM75nXU=
paepcke.de/tlsinfo v0.1.34/go.mod h1:9tLKJaQnmWx3XMvprdNY8lHHia5DmdB8/muX8JLkS6E=
